
Microsoft Visual Studio Solution File, Format Version 12.00
# Visual Studio Version 17
VisualStudioVersion = 17.10.34928.147
MinimumVisualStudioVersion = 10.0.40219.1
Project("{2150E333-8FDC-42A3-9474-1A3956D46DE8}") = "10.Transversal", "10.Transversal", "{AB2324B8-F210-4B83-B144-9EBF2DD250CE}"
EndProject
Project("{2150E333-8FDC-42A3-9474-1A3956D46DE8}") = "20.Dominio", "20.Dominio", "{D27D9968-F66D-427A-AB85-038FC92211A8}"
EndProject
Project("{2150E333-8FDC-42A3-9474-1A3956D46DE8}") = "30.Infraestructura", "30.Infraestructura", "{58D3C91D-1FBB-4C95-AC01-110146FF04C3}"
EndProject
Project("{2150E333-8FDC-42A3-9474-1A3956D46DE8}") = "40.Aplicacion", "40.Aplicacion", "{631485CB-3DA7-483B-8FAA-7E5AA8057754}"
EndProject
Project("{2150E333-8FDC-42A3-9474-1A3956D46DE8}") = "50.Servicio", "50.Servicio", "{5DCFDE5D-8127-418A-A468-E8A79C284C9E}"
EndProject
Project("{9A19103F-16F7-4668-BE54-9A1E7A4F7556}") = "PCM.SIP.ICP.EVA.Transversal.Common", "PCM.SIP.ICP.EVA.Transversal.Common\PCM.SIP.ICP.EVA.Transversal.Common.csproj", "{973CF859-27B2-4A21-AB4A-797AB526AC7A}"
EndProject
Project("{9A19103F-16F7-4668-BE54-9A1E7A4F7556}") = "PCM.SIP.ICP.EVA.Transversal.Contracts", "PCM.SIP.ICP.EVA.Transversal.Contracts\PCM.SIP.ICP.EVA.Transversal.Contracts.csproj", "{A32717DB-93BA-4D05-89D4-A439D223A753}"
EndProject
Project("{9A19103F-16F7-4668-BE54-9A1E7A4F7556}") = "PCM.SIP.ICP.EVA.Transversal.Logging", "PCM.SIP.ICP.EVA.Transversal.Logging\PCM.SIP.ICP.EVA.Transversal.Logging.csproj", "{1E6C1B40-78B4-41A9-9E38-F788E5A13713}"
EndProject
Project("{9A19103F-16F7-4668-BE54-9A1E7A4F7556}") = "PCM.SIP.ICP.EVA.Transversal.Mapper", "PCM.SIP.ICP.EVA.Transversal.Mapper\PCM.SIP.ICP.EVA.Transversal.Mapper.csproj", "{6DCDA9BE-E184-4305-8392-AA1A7629F1B6}"
EndProject
Project("{9A19103F-16F7-4668-BE54-9A1E7A4F7556}") = "PCM.SIP.ICP.EVA.Transversal.Util", "PCM.SIP.ICP.EVA.Transversal.Util\PCM.SIP.ICP.EVA.Transversal.Util.csproj", "{7D334451-0A90-42E4-AE1D-C332DEB68EC7}"
EndProject
Project("{9A19103F-16F7-4668-BE54-9A1E7A4F7556}") = "PCM.SIP.ICP.EVA.Transversal.UtilWeb", "PCM.SIP.ICP.EVA.Transversal.UtilWeb\PCM.SIP.ICP.EVA.Transversal.UtilWeb.csproj", "{5D0938B8-95F5-498C-926C-09082977352A}"
EndProject
Project("{9A19103F-16F7-4668-BE54-9A1E7A4F7556}") = "PCM.SIP.ICP.EVA.Domain", "PCM.SIP.ICP.EVA.Domain\PCM.SIP.ICP.EVA.Domain.csproj", "{455F61E2-AE8C-4FE3-A693-BA28C2987E0A}"
EndProject
Project("{9A19103F-16F7-4668-BE54-9A1E7A4F7556}") = "PCM.SIP.ICP.EVA.Infraestructure", "PCM.SIP.ICP.EVA.Infraestructure\PCM.SIP.ICP.EVA.Infraestructure.csproj", "{2DFF5828-95AE-4225-9416-7D3E8C7A0AE5}"
EndProject
Project("{9A19103F-16F7-4668-BE54-9A1E7A4F7556}") = "PCM.SIP.ICP.EVA.Aplicacion.Dto", "PCM.SIP.ICP.EVA.Aplicacion.Dto\PCM.SIP.ICP.EVA.Aplicacion.Dto.csproj", "{EF7EC01A-56BE-4DEC-A397-5E29F7B02322}"
EndProject
Project("{9A19103F-16F7-4668-BE54-9A1E7A4F7556}") = "PCM.SIP.ICP.EVA.Persistence", "PCM.SIP.ICP.EVA.Persistence\PCM.SIP.ICP.EVA.Persistence.csproj", "{C6931E04-9D99-4E26-9FDC-1461F5B4D805}"
EndProject
Project("{9A19103F-16F7-4668-BE54-9A1E7A4F7556}") = "PCM.SIP.ICP.EVA.Aplicacion.Features", "PCM.SIP.ICP.EVA.Aplicacion.Features\PCM.SIP.ICP.EVA.Aplicacion.Features.csproj", "{C1F5C08E-3346-4B88-8415-F1E72570E2E1}"
EndProject
Project("{9A19103F-16F7-4668-BE54-9A1E7A4F7556}") = "PCM.SIP.ICP.EVA.Aplicacion.Interface", "PCM.SIP.ICP.EVA.Aplicacion.Interface\PCM.SIP.ICP.EVA.Aplicacion.Interface.csproj", "{3C0A888B-DC2C-4A00-85A8-7DD3BDE8ADC9}"
EndProject
Project("{9A19103F-16F7-4668-BE54-9A1E7A4F7556}") = "PCM.SIP.ICP.EVA.Aplicacion.Validator", "PCM.SIP.ICP.EVA.Aplicacion.Validator\PCM.SIP.ICP.EVA.Aplicacion.Validator.csproj", "{DE83AA33-0B38-4D3C-B1D3-39D816E1E8DA}"
EndProject
Project("{9A19103F-16F7-4668-BE54-9A1E7A4F7556}") = "PCM.SIP.ICP.EVA.Api", "PCM.SIP.ICP.EVA.Api\PCM.SIP.ICP.EVA.Api.csproj", "{62BAB17C-23C7-4026-BA16-602AF1F1917C}"
EndProject
Project("{2150E333-8FDC-42A3-9474-1A3956D46DE8}") = "60.Tools", "60.Tools", "{B8DB413A-0197-4330-AC71-D27114A4F9A7}"
EndProject
Project("{FAE04EC0-301F-11D3-BF4B-00C04F79EFBC}") = "PCM.SIP.ICP.EVA.Report", "PCM.SIP.ICP.EVA.Report\PCM.SIP.ICP.EVA.Report.csproj", "{E35CC9DA-4316-402C-9AF6-C39AAE5F2B9C}"
EndProject
Global
	GlobalSection(SolutionConfigurationPlatforms) = preSolution
		Debug|Any CPU = Debug|Any CPU
		Release|Any CPU = Release|Any CPU
	EndGlobalSection
	GlobalSection(ProjectConfigurationPlatforms) = postSolution
		{973CF859-27B2-4A21-AB4A-797AB526AC7A}.Debug|Any CPU.ActiveCfg = Debug|Any CPU
		{973CF859-27B2-4A21-AB4A-797AB526AC7A}.Debug|Any CPU.Build.0 = Debug|Any CPU
		{973CF859-27B2-4A21-AB4A-797AB526AC7A}.Release|Any CPU.ActiveCfg = Release|Any CPU
		{973CF859-27B2-4A21-AB4A-797AB526AC7A}.Release|Any CPU.Build.0 = Release|Any CPU
		{A32717DB-93BA-4D05-89D4-A439D223A753}.Debug|Any CPU.ActiveCfg = Debug|Any CPU
		{A32717DB-93BA-4D05-89D4-A439D223A753}.Debug|Any CPU.Build.0 = Debug|Any CPU
		{A32717DB-93BA-4D05-89D4-A439D223A753}.Release|Any CPU.ActiveCfg = Release|Any CPU
		{A32717DB-93BA-4D05-89D4-A439D223A753}.Release|Any CPU.Build.0 = Release|Any CPU
		{1E6C1B40-78B4-41A9-9E38-F788E5A13713}.Debug|Any CPU.ActiveCfg = Debug|Any CPU
		{1E6C1B40-78B4-41A9-9E38-F788E5A13713}.Debug|Any CPU.Build.0 = Debug|Any CPU
		{1E6C1B40-78B4-41A9-9E38-F788E5A13713}.Release|Any CPU.ActiveCfg = Release|Any CPU
		{1E6C1B40-78B4-41A9-9E38-F788E5A13713}.Release|Any CPU.Build.0 = Release|Any CPU
		{6DCDA9BE-E184-4305-8392-AA1A7629F1B6}.Debug|Any CPU.ActiveCfg = Debug|Any CPU
		{6DCDA9BE-E184-4305-8392-AA1A7629F1B6}.Debug|Any CPU.Build.0 = Debug|Any CPU
		{6DCDA9BE-E184-4305-8392-AA1A7629F1B6}.Release|Any CPU.ActiveCfg = Release|Any CPU
		{6DCDA9BE-E184-4305-8392-AA1A7629F1B6}.Release|Any CPU.Build.0 = Release|Any CPU
		{7D334451-0A90-42E4-AE1D-C332DEB68EC7}.Debug|Any CPU.ActiveCfg = Debug|Any CPU
		{7D334451-0A90-42E4-AE1D-C332DEB68EC7}.Debug|Any CPU.Build.0 = Debug|Any CPU
		{7D334451-0A90-42E4-AE1D-C332DEB68EC7}.Release|Any CPU.ActiveCfg = Release|Any CPU
		{7D334451-0A90-42E4-AE1D-C332DEB68EC7}.Release|Any CPU.Build.0 = Release|Any CPU
		{5D0938B8-95F5-498C-926C-09082977352A}.Debug|Any CPU.ActiveCfg = Debug|Any CPU
		{5D0938B8-95F5-498C-926C-09082977352A}.Debug|Any CPU.Build.0 = Debug|Any CPU
		{5D0938B8-95F5-498C-926C-09082977352A}.Release|Any CPU.ActiveCfg = Release|Any CPU
		{5D0938B8-95F5-498C-926C-09082977352A}.Release|Any CPU.Build.0 = Release|Any CPU
		{455F61E2-AE8C-4FE3-A693-BA28C2987E0A}.Debug|Any CPU.ActiveCfg = Debug|Any CPU
		{455F61E2-AE8C-4FE3-A693-BA28C2987E0A}.Debug|Any CPU.Build.0 = Debug|Any CPU
		{455F61E2-AE8C-4FE3-A693-BA28C2987E0A}.Release|Any CPU.ActiveCfg = Release|Any CPU
		{455F61E2-AE8C-4FE3-A693-BA28C2987E0A}.Release|Any CPU.Build.0 = Release|Any CPU
		{2DFF5828-95AE-4225-9416-7D3E8C7A0AE5}.Debug|Any CPU.ActiveCfg = Debug|Any CPU
		{2DFF5828-95AE-4225-9416-7D3E8C7A0AE5}.Debug|Any CPU.Build.0 = Debug|Any CPU
		{2DFF5828-95AE-4225-9416-7D3E8C7A0AE5}.Release|Any CPU.ActiveCfg = Release|Any CPU
		{2DFF5828-95AE-4225-9416-7D3E8C7A0AE5}.Release|Any CPU.Build.0 = Release|Any CPU
		{EF7EC01A-56BE-4DEC-A397-5E29F7B02322}.Debug|Any CPU.ActiveCfg = Debug|Any CPU
		{EF7EC01A-56BE-4DEC-A397-5E29F7B02322}.Debug|Any CPU.Build.0 = Debug|Any CPU
		{EF7EC01A-56BE-4DEC-A397-5E29F7B02322}.Release|Any CPU.ActiveCfg = Release|Any CPU
		{EF7EC01A-56BE-4DEC-A397-5E29F7B02322}.Release|Any CPU.Build.0 = Release|Any CPU
		{C6931E04-9D99-4E26-9FDC-1461F5B4D805}.Debug|Any CPU.ActiveCfg = Debug|Any CPU
		{C6931E04-9D99-4E26-9FDC-1461F5B4D805}.Debug|Any CPU.Build.0 = Debug|Any CPU
		{C6931E04-9D99-4E26-9FDC-1461F5B4D805}.Release|Any CPU.ActiveCfg = Release|Any CPU
		{C6931E04-9D99-4E26-9FDC-1461F5B4D805}.Release|Any CPU.Build.0 = Release|Any CPU
		{C1F5C08E-3346-4B88-8415-F1E72570E2E1}.Debug|Any CPU.ActiveCfg = Debug|Any CPU
		{C1F5C08E-3346-4B88-8415-F1E72570E2E1}.Debug|Any CPU.Build.0 = Debug|Any CPU
		{C1F5C08E-3346-4B88-8415-F1E72570E2E1}.Release|Any CPU.ActiveCfg = Release|Any CPU
		{C1F5C08E-3346-4B88-8415-F1E72570E2E1}.Release|Any CPU.Build.0 = Release|Any CPU
		{3C0A888B-DC2C-4A00-85A8-7DD3BDE8ADC9}.Debug|Any CPU.ActiveCfg = Debug|Any CPU
		{3C0A888B-DC2C-4A00-85A8-7DD3BDE8ADC9}.Debug|Any CPU.Build.0 = Debug|Any CPU
		{3C0A888B-DC2C-4A00-85A8-7DD3BDE8ADC9}.Release|Any CPU.ActiveCfg = Release|Any CPU
		{3C0A888B-DC2C-4A00-85A8-7DD3BDE8ADC9}.Release|Any CPU.Build.0 = Release|Any CPU
		{DE83AA33-0B38-4D3C-B1D3-39D816E1E8DA}.Debug|Any CPU.ActiveCfg = Debug|Any CPU
		{DE83AA33-0B38-4D3C-B1D3-39D816E1E8DA}.Debug|Any CPU.Build.0 = Debug|Any CPU
		{DE83AA33-0B38-4D3C-B1D3-39D816E1E8DA}.Release|Any CPU.ActiveCfg = Release|Any CPU
		{DE83AA33-0B38-4D3C-B1D3-39D816E1E8DA}.Release|Any CPU.Build.0 = Release|Any CPU
		{62BAB17C-23C7-4026-BA16-602AF1F1917C}.Debug|Any CPU.ActiveCfg = Debug|Any CPU
		{62BAB17C-23C7-4026-BA16-602AF1F1917C}.Debug|Any CPU.Build.0 = Debug|Any CPU
		{62BAB17C-23C7-4026-BA16-602AF1F1917C}.Release|Any CPU.ActiveCfg = Release|Any CPU
		{62BAB17C-23C7-4026-BA16-602AF1F1917C}.Release|Any CPU.Build.0 = Release|Any CPU
		{E35CC9DA-4316-402C-9AF6-C39AAE5F2B9C}.Debug|Any CPU.ActiveCfg = Debug|Any CPU
		{E35CC9DA-4316-402C-9AF6-C39AAE5F2B9C}.Debug|Any CPU.Build.0 = Debug|Any CPU
		{E35CC9DA-4316-402C-9AF6-C39AAE5F2B9C}.Release|Any CPU.ActiveCfg = Release|Any CPU
		{E35CC9DA-4316-402C-9AF6-C39AAE5F2B9C}.Release|Any CPU.Build.0 = Release|Any CPU
	EndGlobalSection
	GlobalSection(SolutionProperties) = preSolution
		HideSolutionNode = FALSE
	EndGlobalSection
	GlobalSection(NestedProjects) = preSolution
		{973CF859-27B2-4A21-AB4A-797AB526AC7A} = {AB2324B8-F210-4B83-B144-9EBF2DD250CE}
		{A32717DB-93BA-4D05-89D4-A439D223A753} = {AB2324B8-F210-4B83-B144-9EBF2DD250CE}
		{1E6C1B40-78B4-41A9-9E38-F788E5A13713} = {AB2324B8-F210-4B83-B144-9EBF2DD250CE}
		{6DCDA9BE-E184-4305-8392-AA1A7629F1B6} = {AB2324B8-F210-4B83-B144-9EBF2DD250CE}
		{7D334451-0A90-42E4-AE1D-C332DEB68EC7} = {AB2324B8-F210-4B83-B144-9EBF2DD250CE}
		{5D0938B8-95F5-498C-926C-09082977352A} = {AB2324B8-F210-4B83-B144-9EBF2DD250CE}
		{455F61E2-AE8C-4FE3-A693-BA28C2987E0A} = {D27D9968-F66D-427A-AB85-038FC92211A8}
		{2DFF5828-95AE-4225-9416-7D3E8C7A0AE5} = {58D3C91D-1FBB-4C95-AC01-110146FF04C3}
		{EF7EC01A-56BE-4DEC-A397-5E29F7B02322} = {631485CB-3DA7-483B-8FAA-7E5AA8057754}
		{C6931E04-9D99-4E26-9FDC-1461F5B4D805} = {58D3C91D-1FBB-4C95-AC01-110146FF04C3}
		{C1F5C08E-3346-4B88-8415-F1E72570E2E1} = {631485CB-3DA7-483B-8FAA-7E5AA8057754}
		{3C0A888B-DC2C-4A00-85A8-7DD3BDE8ADC9} = {631485CB-3DA7-483B-8FAA-7E5AA8057754}
		{DE83AA33-0B38-4D3C-B1D3-39D816E1E8DA} = {631485CB-3DA7-483B-8FAA-7E5AA8057754}
		{62BAB17C-23C7-4026-BA16-602AF1F1917C} = {5DCFDE5D-8127-418A-A468-E8A79C284C9E}
		{E35CC9DA-4316-402C-9AF6-C39AAE5F2B9C} = {B8DB413A-0197-4330-AC71-D27114A4F9A7}
	EndGlobalSection
	GlobalSection(ExtensibilityGlobals) = postSolution
		SolutionGuid = {E7DECB73-15FF-48DA-9D3F-B2EDE5617D90}
	EndGlobalSection
EndGlobal
